// !$*UTF8*$!
{
	archiveVersion = 1;
	classes = {
	};
	objectVersion = 50;
	objects = {

/* Begin PBXBuildFile section */
		66C3EDEDB895A15DBD36BE34 /* Pods_Test.framework in Frameworks */ = {isa = PBXBuildFile; fileRef = BE590289787F2D6445D52167 /* Pods_Test.framework */; };
		AA2B8661613F6E0E8C5CF7C6 /* Pods_Hydra.framework in Frameworks */ = {isa = PBXBuildFile; fileRef = FD26004032B11EE6DDB34B06 /* Pods_Hydra.framework */; };
		F40C238321AC6D2C006FA060 /* TrendDeveloperCell.swift in Sources */ = {isa = PBXBuildFile; fileRef = F40C238221AC6D2C006FA060 /* TrendDeveloperCell.swift */; };
		F40C238521AC95D4006FA060 /* TrendBaseCell.swift in Sources */ = {isa = PBXBuildFile; fileRef = F40C238421AC95D4006FA060 /* TrendBaseCell.swift */; };
		F413E31E216DEA110024B7F3 /* LoginFlow.swift in Sources */ = {isa = PBXBuildFile; fileRef = F413E31D216DEA110024B7F3 /* LoginFlow.swift */; };
		F4231FD4217B9D3600B2D748 /* Activity.swift in Sources */ = {isa = PBXBuildFile; fileRef = F4231FD3217B9D3600B2D748 /* Activity.swift */; };
		F426C44421C69E8F00CAA764 /* LanguagesController.swift in Sources */ = {isa = PBXBuildFile; fileRef = F426C44321C69E8F00CAA764 /* LanguagesController.swift */; };
		F426C44621C6A68D00CAA764 /* LanguagesFlow.swift in Sources */ = {isa = PBXBuildFile; fileRef = F426C44521C6A68D00CAA764 /* LanguagesFlow.swift */; };
		F426C44821C9174100CAA764 /* LoginTextField.swift in Sources */ = {isa = PBXBuildFile; fileRef = F426C44721C9174100CAA764 /* LoginTextField.swift */; };
		F426C44A21C9174E00CAA764 /* LoginButton.swift in Sources */ = {isa = PBXBuildFile; fileRef = F426C44921C9174E00CAA764 /* LoginButton.swift */; };
		F43032ED21B1039500BE40DF /* AsDriverNoError.swift in Sources */ = {isa = PBXBuildFile; fileRef = F43032EC21B1039400BE40DF /* AsDriverNoError.swift */; };
		F43032F621B3A53A00BE40DF /* LanguageService.swift in Sources */ = {isa = PBXBuildFile; fileRef = F43032F521B3A53A00BE40DF /* LanguageService.swift */; };
		F4349CE521A873D000628D8D /* TrendPageControl.swift in Sources */ = {isa = PBXBuildFile; fileRef = F4349CE421A873D000628D8D /* TrendPageControl.swift */; };
		F43F584721A5E42D00416A45 /* TabSwitch.swift in Sources */ = {isa = PBXBuildFile; fileRef = F43F584621A5E42D00416A45 /* TabSwitch.swift */; };
		F43F584921A6273100416A45 /* TrendRepositoryCell.swift in Sources */ = {isa = PBXBuildFile; fileRef = F43F584821A6273100416A45 /* TrendRepositoryCell.swift */; };
		F451AC7621B0356800C101D1 /* LanguageBar.swift in Sources */ = {isa = PBXBuildFile; fileRef = F451AC7521B0356800C101D1 /* LanguageBar.swift */; };
		F456A01F218C956E00047369 /* TrendModel.swift in Sources */ = {isa = PBXBuildFile; fileRef = F456A01C218C956E00047369 /* TrendModel.swift */; };
		F456A020218C956E00047369 /* TrendFlow.swift in Sources */ = {isa = PBXBuildFile; fileRef = F456A01D218C956E00047369 /* TrendFlow.swift */; };
		F456A021218C956E00047369 /* TrendController.swift in Sources */ = {isa = PBXBuildFile; fileRef = F456A01E218C956E00047369 /* TrendController.swift */; };
		F45C49532167E65200BC0576 /* CredentialService.swift in Sources */ = {isa = PBXBuildFile; fileRef = F45C49522167E65200BC0576 /* CredentialService.swift */; };
		F463A2AD21AE0BBE0067432B /* TrendCellState.swift in Sources */ = {isa = PBXBuildFile; fileRef = F463A2AC21AE0BBE0067432B /* TrendCellState.swift */; };
		F463A2AF21AF188A0067432B /* RetryButton.swift in Sources */ = {isa = PBXBuildFile; fileRef = F463A2AE21AF188A0067432B /* RetryButton.swift */; };
		F463A2B421AF26BF0067432B /* TrendState.swift in Sources */ = {isa = PBXBuildFile; fileRef = F463A2B321AF26BE0067432B /* TrendState.swift */; };
		F46C688D215A43400090B4AF /* LoginController.swift in Sources */ = {isa = PBXBuildFile; fileRef = F46C6888215A43400090B4AF /* LoginController.swift */; };
		F46C688E215A43400090B4AF /* LoginModel.swift in Sources */ = {isa = PBXBuildFile; fileRef = F46C6889215A43400090B4AF /* LoginModel.swift */; };
		F46C6891215A43400090B4AF /* LoginService.swift in Sources */ = {isa = PBXBuildFile; fileRef = F46C688C215A43400090B4AF /* LoginService.swift */; };
		F48779482169F1CC00C027A9 /* DefaultsKeys.swift in Sources */ = {isa = PBXBuildFile; fileRef = F48779472169F1CC00C027A9 /* DefaultsKeys.swift */; };
		F4967D5C21CFE43600FAACBD /* LanguageCell.swift in Sources */ = {isa = PBXBuildFile; fileRef = F4967D5B21CFE43600FAACBD /* LanguageCell.swift */; };
		F49A1C5D21A66A440045E74B /* TrendSectionView.swift in Sources */ = {isa = PBXBuildFile; fileRef = F49A1C5C21A66A440045E74B /* TrendSectionView.swift */; };
		F49A1C5F21A6CBA80045E74B /* TrendRankBadge.swift in Sources */ = {isa = PBXBuildFile; fileRef = F49A1C5E21A6CBA80045E74B /* TrendRankBadge.swift */; };
		F49A1C6121A6CDB60045E74B /* UI.swift in Sources */ = {isa = PBXBuildFile; fileRef = F49A1C6021A6CDB60045E74B /* UI.swift */; };
		F49A1C6321A730BD0045E74B /* ContributorsView.swift in Sources */ = {isa = PBXBuildFile; fileRef = F49A1C6221A730BD0045E74B /* ContributorsView.swift */; };
		F4B4BA2321D134B600879B18 /* LanguagesFlowLayout.swift in Sources */ = {isa = PBXBuildFile; fileRef = F4B4BA2221D134B600879B18 /* LanguagesFlowLayout.swift */; };
		F4B4BA2521D290E700879B18 /* LanguagesHeaderView.swift in Sources */ = {isa = PBXBuildFile; fileRef = F4B4BA2421D290E700879B18 /* LanguagesHeaderView.swift */; };
		F4DC70FB21B58F3A00999BD1 /* LanguagesModel.swift in Sources */ = {isa = PBXBuildFile; fileRef = F4DC70FA21B58F3A00999BD1 /* LanguagesModel.swift */; };
		F4F338142170BD4100DC9638 /* AppFlow.swift in Sources */ = {isa = PBXBuildFile; fileRef = F4F338132170BD4100DC9638 /* AppFlow.swift */; };
		F4F338242171071100DC9638 /* DefaultsSpec.swift in Sources */ = {isa = PBXBuildFile; fileRef = F4F338232171071100DC9638 /* DefaultsSpec.swift */; };
		F4F85F30213F05A400EFF085 /* AppDelegate.swift in Sources */ = {isa = PBXBuildFile; fileRef = F4F85F2F213F05A400EFF085 /* AppDelegate.swift */; };
		F4F85F37213F05A600EFF085 /* Assets.xcassets in Resources */ = {isa = PBXBuildFile; fileRef = F4F85F36213F05A600EFF085 /* Assets.xcassets */; };
		F4F85F3A213F05A600EFF085 /* LaunchScreen.storyboard in Resources */ = {isa = PBXBuildFile; fileRef = F4F85F38213F05A600EFF085 /* LaunchScreen.storyboard */; };
/* End PBXBuildFile section */

/* Begin PBXContainerItemProxy section */
		F4F3381E2171035700DC9638 /* PBXContainerItemProxy */ = {
			isa = PBXContainerItemProxy;
			containerPortal = F4F85F24213F05A400EFF085 /* Project object */;
			proxyType = 1;
			remoteGlobalIDString = F4F85F2B213F05A400EFF085;
			remoteInfo = Hydra;
		};
/* End PBXContainerItemProxy section */

/* Begin PBXFileReference section */
		5B0330F6E48FA8390071FF17 /* Pods-Test.release.xcconfig */ = {isa = PBXFileReference; includeInIndex = 1; lastKnownFileType = text.xcconfig; name = "Pods-Test.release.xcconfig"; path = "Pods/Target Support Files/Pods-Test/Pods-Test.release.xcconfig"; sourceTree = "<group>"; };
		69F27496219A535FA715CD5C /* Pods_HydraTests.framework */ = {isa = PBXFileReference; explicitFileType = wrapper.framework; includeInIndex = 0; path = Pods_HydraTests.framework; sourceTree = BUILT_PRODUCTS_DIR; };
		9CD4C648593770D3C203E283 /* Pods-HydraTests.release.xcconfig */ = {isa = PBXFileReference; includeInIndex = 1; lastKnownFileType = text.xcconfig; name = "Pods-HydraTests.release.xcconfig"; path = "Pods/Target Support Files/Pods-HydraTests/Pods-HydraTests.release.xcconfig"; sourceTree = "<group>"; };
		B4C5EA115A9075873FB9B26B /* Pods-Test.debug.xcconfig */ = {isa = PBXFileReference; includeInIndex = 1; lastKnownFileType = text.xcconfig; name = "Pods-Test.debug.xcconfig"; path = "Pods/Target Support Files/Pods-Test/Pods-Test.debug.xcconfig"; sourceTree = "<group>"; };
		BE590289787F2D6445D52167 /* Pods_Test.framework */ = {isa = PBXFileReference; explicitFileType = wrapper.framework; includeInIndex = 0; path = Pods_Test.framework; sourceTree = BUILT_PRODUCTS_DIR; };
		C65B14901A4FB25D16C427D6 /* Pods-Hydra.release.xcconfig */ = {isa = PBXFileReference; includeInIndex = 1; lastKnownFileType = text.xcconfig; name = "Pods-Hydra.release.xcconfig"; path = "Pods/Target Support Files/Pods-Hydra/Pods-Hydra.release.xcconfig"; sourceTree = "<group>"; };
		C940AE3485B3016DE9D6F688 /* Pods-Hydra.debug.xcconfig */ = {isa = PBXFileReference; includeInIndex = 1; lastKnownFileType = text.xcconfig; name = "Pods-Hydra.debug.xcconfig"; path = "Pods/Target Support Files/Pods-Hydra/Pods-Hydra.debug.xcconfig"; sourceTree = "<group>"; };
		EF6E578EDE38ADE73624C3CF /* Pods-HydraTests.debug.xcconfig */ = {isa = PBXFileReference; includeInIndex = 1; lastKnownFileType = text.xcconfig; name = "Pods-HydraTests.debug.xcconfig"; path = "Pods/Target Support Files/Pods-HydraTests/Pods-HydraTests.debug.xcconfig"; sourceTree = "<group>"; };
		F40C238221AC6D2C006FA060 /* TrendDeveloperCell.swift */ = {isa = PBXFileReference; lastKnownFileType = sourcecode.swift; path = TrendDeveloperCell.swift; sourceTree = "<group>"; };
		F40C238421AC95D4006FA060 /* TrendBaseCell.swift */ = {isa = PBXFileReference; lastKnownFileType = sourcecode.swift; path = TrendBaseCell.swift; sourceTree = "<group>"; };
		F413E31D216DEA110024B7F3 /* LoginFlow.swift */ = {isa = PBXFileReference; lastKnownFileType = sourcecode.swift; path = LoginFlow.swift; sourceTree = "<group>"; };
		F4231FD3217B9D3600B2D748 /* Activity.swift */ = {isa = PBXFileReference; lastKnownFileType = sourcecode.swift; path = Activity.swift; sourceTree = "<group>"; };
		F426C44321C69E8F00CAA764 /* LanguagesController.swift */ = {isa = PBXFileReference; lastKnownFileType = sourcecode.swift; path = LanguagesController.swift; sourceTree = "<group>"; };
		F426C44521C6A68D00CAA764 /* LanguagesFlow.swift */ = {isa = PBXFileReference; lastKnownFileType = sourcecode.swift; path = LanguagesFlow.swift; sourceTree = "<group>"; };
		F426C44721C9174100CAA764 /* LoginTextField.swift */ = {isa = PBXFileReference; lastKnownFileType = sourcecode.swift; path = LoginTextField.swift; sourceTree = "<group>"; };
		F426C44921C9174E00CAA764 /* LoginButton.swift */ = {isa = PBXFileReference; lastKnownFileType = sourcecode.swift; path = LoginButton.swift; sourceTree = "<group>"; };
		F43032EC21B1039400BE40DF /* AsDriverNoError.swift */ = {isa = PBXFileReference; lastKnownFileType = sourcecode.swift; path = AsDriverNoError.swift; sourceTree = "<group>"; };
		F43032F521B3A53A00BE40DF /* LanguageService.swift */ = {isa = PBXFileReference; lastKnownFileType = sourcecode.swift; path = LanguageService.swift; sourceTree = "<group>"; };
		F4349CE421A873D000628D8D /* TrendPageControl.swift */ = {isa = PBXFileReference; fileEncoding = 4; lastKnownFileType = sourcecode.swift; path = TrendPageControl.swift; sourceTree = "<group>"; };
		F43F584621A5E42D00416A45 /* TabSwitch.swift */ = {isa = PBXFileReference; lastKnownFileType = sourcecode.swift; path = TabSwitch.swift; sourceTree = "<group>"; };
		F43F584821A6273100416A45 /* TrendRepositoryCell.swift */ = {isa = PBXFileReference; lastKnownFileType = sourcecode.swift; path = TrendRepositoryCell.swift; sourceTree = "<group>"; };
		F451AC7521B0356800C101D1 /* LanguageBar.swift */ = {isa = PBXFileReference; lastKnownFileType = sourcecode.swift; path = LanguageBar.swift; sourceTree = "<group>"; };
		F456A01C218C956E00047369 /* TrendModel.swift */ = {isa = PBXFileReference; fileEncoding = 4; lastKnownFileType = sourcecode.swift; path = TrendModel.swift; sourceTree = "<group>"; };
		F456A01D218C956E00047369 /* TrendFlow.swift */ = {isa = PBXFileReference; fileEncoding = 4; lastKnownFileType = sourcecode.swift; path = TrendFlow.swift; sourceTree = "<group>"; };
		F456A01E218C956E00047369 /* TrendController.swift */ = {isa = PBXFileReference; fileEncoding = 4; lastKnownFileType = sourcecode.swift; path = TrendController.swift; sourceTree = "<group>"; };
		F45C49522167E65200BC0576 /* CredentialService.swift */ = {isa = PBXFileReference; lastKnownFileType = sourcecode.swift; path = CredentialService.swift; sourceTree = "<group>"; };
		F463A2AC21AE0BBE0067432B /* TrendCellState.swift */ = {isa = PBXFileReference; lastKnownFileType = sourcecode.swift; path = TrendCellState.swift; sourceTree = "<group>"; };
		F463A2AE21AF188A0067432B /* RetryButton.swift */ = {isa = PBXFileReference; lastKnownFileType = sourcecode.swift; path = RetryButton.swift; sourceTree = "<group>"; };
		F463A2B321AF26BE0067432B /* TrendState.swift */ = {isa = PBXFileReference; lastKnownFileType = sourcecode.swift; path = TrendState.swift; sourceTree = "<group>"; };
		F46C6888215A43400090B4AF /* LoginController.swift */ = {isa = PBXFileReference; fileEncoding = 4; lastKnownFileType = sourcecode.swift; path = LoginController.swift; sourceTree = "<group>"; };
		F46C6889215A43400090B4AF /* LoginModel.swift */ = {isa = PBXFileReference; fileEncoding = 4; lastKnownFileType = sourcecode.swift; path = LoginModel.swift; sourceTree = "<group>"; };
		F46C688C215A43400090B4AF /* LoginService.swift */ = {isa = PBXFileReference; fileEncoding = 4; lastKnownFileType = sourcecode.swift; path = LoginService.swift; sourceTree = "<group>"; };
		F48779472169F1CC00C027A9 /* DefaultsKeys.swift */ = {isa = PBXFileReference; lastKnownFileType = sourcecode.swift; path = DefaultsKeys.swift; sourceTree = "<group>"; };
		F4967D5B21CFE43600FAACBD /* LanguageCell.swift */ = {isa = PBXFileReference; lastKnownFileType = sourcecode.swift; path = LanguageCell.swift; sourceTree = "<group>"; };
		F49A1C5C21A66A440045E74B /* TrendSectionView.swift */ = {isa = PBXFileReference; lastKnownFileType = sourcecode.swift; path = TrendSectionView.swift; sourceTree = "<group>"; };
		F49A1C5E21A6CBA80045E74B /* TrendRankBadge.swift */ = {isa = PBXFileReference; lastKnownFileType = sourcecode.swift; path = TrendRankBadge.swift; sourceTree = "<group>"; };
		F49A1C6021A6CDB60045E74B /* UI.swift */ = {isa = PBXFileReference; lastKnownFileType = sourcecode.swift; path = UI.swift; sourceTree = "<group>"; };
		F49A1C6221A730BD0045E74B /* ContributorsView.swift */ = {isa = PBXFileReference; lastKnownFileType = sourcecode.swift; path = ContributorsView.swift; sourceTree = "<group>"; };
		F4B4BA1F21D1108D00879B18 /* MyPlayground.playground */ = {isa = PBXFileReference; lastKnownFileType = file.playground; path = MyPlayground.playground; sourceTree = "<group>"; xcLanguageSpecificationIdentifier = xcode.lang.swift; };
		F4B4BA2221D134B600879B18 /* LanguagesFlowLayout.swift */ = {isa = PBXFileReference; lastKnownFileType = sourcecode.swift; path = LanguagesFlowLayout.swift; sourceTree = "<group>"; };
		F4B4BA2421D290E700879B18 /* LanguagesHeaderView.swift */ = {isa = PBXFileReference; lastKnownFileType = sourcecode.swift; path = LanguagesHeaderView.swift; sourceTree = "<group>"; };
		F4DC70FA21B58F3A00999BD1 /* LanguagesModel.swift */ = {isa = PBXFileReference; lastKnownFileType = sourcecode.swift; path = LanguagesModel.swift; sourceTree = "<group>"; };
		F4F338132170BD4100DC9638 /* AppFlow.swift */ = {isa = PBXFileReference; lastKnownFileType = sourcecode.swift; path = AppFlow.swift; sourceTree = "<group>"; };
		F4F338192171035700DC9638 /* Test.xctest */ = {isa = PBXFileReference; explicitFileType = wrapper.cfbundle; includeInIndex = 0; path = Test.xctest; sourceTree = BUILT_PRODUCTS_DIR; };
		F4F338232171071100DC9638 /* DefaultsSpec.swift */ = {isa = PBXFileReference; lastKnownFileType = sourcecode.swift; path = DefaultsSpec.swift; sourceTree = "<group>"; };
		F4F85F2C213F05A400EFF085 /* Hydra.app */ = {isa = PBXFileReference; explicitFileType = wrapper.application; includeInIndex = 0; path = Hydra.app; sourceTree = BUILT_PRODUCTS_DIR; };
		F4F85F2F213F05A400EFF085 /* AppDelegate.swift */ = {isa = PBXFileReference; lastKnownFileType = sourcecode.swift; path = AppDelegate.swift; sourceTree = "<group>"; };
		F4F85F36213F05A600EFF085 /* Assets.xcassets */ = {isa = PBXFileReference; lastKnownFileType = folder.assetcatalog; path = Assets.xcassets; sourceTree = "<group>"; };
		F4F85F39213F05A600EFF085 /* Base */ = {isa = PBXFileReference; lastKnownFileType = file.storyboard; name = Base; path = Base.lproj/LaunchScreen.storyboard; sourceTree = "<group>"; };
		F4F85F3B213F05A600EFF085 /* Info.plist */ = {isa = PBXFileReference; lastKnownFileType = text.plist.xml; path = Info.plist; sourceTree = "<group>"; };
		F4FC13042142DF8600EF6BC2 /* Info.plist */ = {isa = PBXFileReference; lastKnownFileType = text.plist.xml; path = Info.plist; sourceTree = "<group>"; };
		FD26004032B11EE6DDB34B06 /* Pods_Hydra.framework */ = {isa = PBXFileReference; explicitFileType = wrapper.framework; includeInIndex = 0; path = Pods_Hydra.framework; sourceTree = BUILT_PRODUCTS_DIR; };
/* End PBXFileReference section */

/* Begin PBXFrameworksBuildPhase section */
		F4F338162171035700DC9638 /* Frameworks */ = {
			isa = PBXFrameworksBuildPhase;
			buildActionMask = 2147483647;
			files = (
				66C3EDEDB895A15DBD36BE34 /* Pods_Test.framework in Frameworks */,
			);
			runOnlyForDeploymentPostprocessing = 0;
		};
		F4F85F29213F05A400EFF085 /* Frameworks */ = {
			isa = PBXFrameworksBuildPhase;
			buildActionMask = 2147483647;
			files = (
				AA2B8661613F6E0E8C5CF7C6 /* Pods_Hydra.framework in Frameworks */,
			);
			runOnlyForDeploymentPostprocessing = 0;
		};
/* End PBXFrameworksBuildPhase section */

/* Begin PBXGroup section */
		C1BA29E2CBD48CEBD0D4188F /* Frameworks */ = {
			isa = PBXGroup;
			children = (
				FD26004032B11EE6DDB34B06 /* Pods_Hydra.framework */,
				69F27496219A535FA715CD5C /* Pods_HydraTests.framework */,
				BE590289787F2D6445D52167 /* Pods_Test.framework */,
			);
			name = Frameworks;
			sourceTree = "<group>";
		};
		E2B77D9209FABFB707DAFEA3 /* Pods */ = {
			isa = PBXGroup;
			children = (
				C940AE3485B3016DE9D6F688 /* Pods-Hydra.debug.xcconfig */,
				C65B14901A4FB25D16C427D6 /* Pods-Hydra.release.xcconfig */,
				EF6E578EDE38ADE73624C3CF /* Pods-HydraTests.debug.xcconfig */,
				9CD4C648593770D3C203E283 /* Pods-HydraTests.release.xcconfig */,
				B4C5EA115A9075873FB9B26B /* Pods-Test.debug.xcconfig */,
				5B0330F6E48FA8390071FF17 /* Pods-Test.release.xcconfig */,
			);
			name = Pods;
			sourceTree = "<group>";
		};
		F413E32C216E68260024B7F3 /* App */ = {
			isa = PBXGroup;
			children = (
				F4F85F2F213F05A400EFF085 /* AppDelegate.swift */,
				F4F85F36213F05A600EFF085 /* Assets.xcassets */,
				F4F85F38213F05A600EFF085 /* LaunchScreen.storyboard */,
				F4F85F3B213F05A600EFF085 /* Info.plist */,
			);
			name = App;
			sourceTree = "<group>";
		};
		F43032EE21B2364A00BE40DF /* Services */ = {
			isa = PBXGroup;
			children = (
				F45C49522167E65200BC0576 /* CredentialService.swift */,
			);
			path = Services;
			sourceTree = "<group>";
		};
		F43032F121B2377500BE40DF /* Shared */ = {
			isa = PBXGroup;
			children = (
				F49A1C6021A6CDB60045E74B /* UI.swift */,
				F43032EC21B1039400BE40DF /* AsDriverNoError.swift */,
				F4231FD3217B9D3600B2D748 /* Activity.swift */,
				F48779472169F1CC00C027A9 /* DefaultsKeys.swift */,
			);
			path = Shared;
			sourceTree = "<group>";
		};
		F43032F221B2DC2600BE40DF /* Model */ = {
			isa = PBXGroup;
			children = (
				F456A01C218C956E00047369 /* TrendModel.swift */,
				F463A2B321AF26BE0067432B /* TrendState.swift */,
				F463A2AC21AE0BBE0067432B /* TrendCellState.swift */,
			);
			path = Model;
			sourceTree = "<group>";
		};
		F43032F321B2DC4400BE40DF /* Views */ = {
			isa = PBXGroup;
			children = (
				F463A2AE21AF188A0067432B /* RetryButton.swift */,
				F43F584621A5E42D00416A45 /* TabSwitch.swift */,
				F4349CE421A873D000628D8D /* TrendPageControl.swift */,
				F49A1C5C21A66A440045E74B /* TrendSectionView.swift */,
				F451AC7521B0356800C101D1 /* LanguageBar.swift */,
			);
			path = Views;
			sourceTree = "<group>";
		};
		F43032F421B3A50100BE40DF /* Languages */ = {
			isa = PBXGroup;
			children = (
				F4967D5B21CFE43600FAACBD /* LanguageCell.swift */,
				F4B4BA2421D290E700879B18 /* LanguagesHeaderView.swift */,
				F4B4BA2221D134B600879B18 /* LanguagesFlowLayout.swift */,
				F43032F521B3A53A00BE40DF /* LanguageService.swift */,
				F426C44521C6A68D00CAA764 /* LanguagesFlow.swift */,
				F426C44321C69E8F00CAA764 /* LanguagesController.swift */,
				F4DC70FA21B58F3A00999BD1 /* LanguagesModel.swift */,
			);
			path = Languages;
			sourceTree = "<group>";
		};
		F456A01A218C952A00047369 /* Flows */ = {
			isa = PBXGroup;
			children = (
				F4F338132170BD4100DC9638 /* AppFlow.swift */,
				F46C6887215A43400090B4AF /* Login */,
				F43032F421B3A50100BE40DF /* Languages */,
				F456A01B218C956E00047369 /* Trend */,
			);
			path = Flows;
			sourceTree = "<group>";
		};
		F456A01B218C956E00047369 /* Trend */ = {
			isa = PBXGroup;
			children = (
				F456A01D218C956E00047369 /* TrendFlow.swift */,
				F456A01E218C956E00047369 /* TrendController.swift */,
				F463A2B521AF49A60067432B /* Cell */,
				F43032F221B2DC2600BE40DF /* Model */,
				F43032F321B2DC4400BE40DF /* Views */,
			);
			path = Trend;
			sourceTree = "<group>";
		};
		F463A2B521AF49A60067432B /* Cell */ = {
			isa = PBXGroup;
			children = (
				F49A1C5E21A6CBA80045E74B /* TrendRankBadge.swift */,
				F49A1C6221A730BD0045E74B /* ContributorsView.swift */,
				F40C238421AC95D4006FA060 /* TrendBaseCell.swift */,
				F40C238221AC6D2C006FA060 /* TrendDeveloperCell.swift */,
				F43F584821A6273100416A45 /* TrendRepositoryCell.swift */,
			);
			path = Cell;
			sourceTree = "<group>";
		};
		F46C6887215A43400090B4AF /* Login */ = {
			isa = PBXGroup;
			children = (
				F413E31D216DEA110024B7F3 /* LoginFlow.swift */,
				F46C688C215A43400090B4AF /* LoginService.swift */,
				F46C6888215A43400090B4AF /* LoginController.swift */,
				F46C6889215A43400090B4AF /* LoginModel.swift */,
				F426C44721C9174100CAA764 /* LoginTextField.swift */,
				F426C44921C9174E00CAA764 /* LoginButton.swift */,
			);
			path = Login;
			sourceTree = "<group>";
		};
		F4F85F23213F05A400EFF085 = {
			isa = PBXGroup;
			children = (
				F4B4BA1F21D1108D00879B18 /* MyPlayground.playground */,
				F4F85F2E213F05A400EFF085 /* Hydra */,
				F4FC13012142DF8600EF6BC2 /* HydraTests */,
				F4F85F2D213F05A400EFF085 /* Products */,
				E2B77D9209FABFB707DAFEA3 /* Pods */,
				C1BA29E2CBD48CEBD0D4188F /* Frameworks */,
			);
			sourceTree = "<group>";
		};
		F4F85F2D213F05A400EFF085 /* Products */ = {
			isa = PBXGroup;
			children = (
				F4F85F2C213F05A400EFF085 /* Hydra.app */,
				F4F338192171035700DC9638 /* Test.xctest */,
			);
			name = Products;
			sourceTree = "<group>";
		};
		F4F85F2E213F05A400EFF085 /* Hydra */ = {
			isa = PBXGroup;
			children = (
				F43032F121B2377500BE40DF /* Shared */,
				F43032EE21B2364A00BE40DF /* Services */,
				F456A01A218C952A00047369 /* Flows */,
				F413E32C216E68260024B7F3 /* App */,
			);
			path = Hydra;
			sourceTree = "<group>";
		};
		F4FC13012142DF8600EF6BC2 /* HydraTests */ = {
			isa = PBXGroup;
			children = (
				F4F338232171071100DC9638 /* DefaultsSpec.swift */,
				F4FC13042142DF8600EF6BC2 /* Info.plist */,
			);
			path = HydraTests;
			sourceTree = "<group>";
		};
/* End PBXGroup section */

/* Begin PBXNativeTarget section */
		F4F338182171035700DC9638 /* Test */ = {
			isa = PBXNativeTarget;
			buildConfigurationList = F4F338202171035700DC9638 /* Build configuration list for PBXNativeTarget "Test" */;
			buildPhases = (
				90201CD1B9C91885100DE1D1 /* [CP] Check Pods Manifest.lock */,
				F4F338152171035700DC9638 /* Sources */,
				F4F338162171035700DC9638 /* Frameworks */,
				F4F338172171035700DC9638 /* Resources */,
				F1FC7AB9D6F0DDB4B1AE290B /* [CP] Embed Pods Frameworks */,
				F4CD855021A0B4E600D18B34 /* SwiftLint */,
			);
			buildRules = (
			);
			dependencies = (
				F4F3381F2171035700DC9638 /* PBXTargetDependency */,
			);
			name = Test;
			productName = HydraTests;
			productReference = F4F338192171035700DC9638 /* Test.xctest */;
			productType = "com.apple.product-type.bundle.unit-test";
		};
		F4F85F2B213F05A400EFF085 /* Hydra */ = {
			isa = PBXNativeTarget;
			buildConfigurationList = F4F85F3E213F05A600EFF085 /* Build configuration list for PBXNativeTarget "Hydra" */;
			buildPhases = (
				B817F5B2D3941DE5797CAF71 /* [CP] Check Pods Manifest.lock */,
				F4F85F28213F05A400EFF085 /* Sources */,
				F4F85F29213F05A400EFF085 /* Frameworks */,
				F4F85F2A213F05A400EFF085 /* Resources */,
				F85652BF1275A4089257DC84 /* [CP] Embed Pods Frameworks */,
				F497DD88214599BF00F3941E /* SwiftLint */,
			);
			buildRules = (
			);
			dependencies = (
			);
			name = Hydra;
			productName = Hydra;
			productReference = F4F85F2C213F05A400EFF085 /* Hydra.app */;
			productType = "com.apple.product-type.application";
		};
/* End PBXNativeTarget section */

/* Begin PBXProject section */
		F4F85F24213F05A400EFF085 /* Project object */ = {
			isa = PBXProject;
			attributes = {
				LastSwiftUpdateCheck = 1000;
				LastUpgradeCheck = 0940;
				ORGANIZATIONNAME = Mudox;
				TargetAttributes = {
					F4F338182171035700DC9638 = {
						CreatedOnToolsVersion = 10.0;
						TestTargetID = F4F85F2B213F05A400EFF085;
					};
					F4F85F2B213F05A400EFF085 = {
						CreatedOnToolsVersion = 9.4.1;
						LastSwiftMigration = 1000;
					};
				};
			};
			buildConfigurationList = F4F85F27213F05A400EFF085 /* Build configuration list for PBXProject "Hydra" */;
			compatibilityVersion = "Xcode 9.3";
			developmentRegion = en;
			hasScannedForEncodings = 0;
			knownRegions = (
				en,
				Base,
			);
			mainGroup = F4F85F23213F05A400EFF085;
			productRefGroup = F4F85F2D213F05A400EFF085 /* Products */;
			projectDirPath = "";
			projectRoot = "";
			targets = (
				F4F85F2B213F05A400EFF085 /* Hydra */,
				F4F338182171035700DC9638 /* Test */,
			);
		};
/* End PBXProject section */

/* Begin PBXResourcesBuildPhase section */
		F4F338172171035700DC9638 /* Resources */ = {
			isa = PBXResourcesBuildPhase;
			buildActionMask = 2147483647;
			files = (
			);
			runOnlyForDeploymentPostprocessing = 0;
		};
		F4F85F2A213F05A400EFF085 /* Resources */ = {
			isa = PBXResourcesBuildPhase;
			buildActionMask = 2147483647;
			files = (
				F4F85F3A213F05A600EFF085 /* LaunchScreen.storyboard in Resources */,
				F4F85F37213F05A600EFF085 /* Assets.xcassets in Resources */,
			);
			runOnlyForDeploymentPostprocessing = 0;
		};
/* End PBXResourcesBuildPhase section */

/* Begin PBXShellScriptBuildPhase section */
		90201CD1B9C91885100DE1D1 /* [CP] Check Pods Manifest.lock */ = {
			isa = PBXShellScriptBuildPhase;
			buildActionMask = 2147483647;
			files = (
			);
			inputFileListPaths = (
			);
			inputPaths = (
				"${PODS_PODFILE_DIR_PATH}/Podfile.lock",
				"${PODS_ROOT}/Manifest.lock",
			);
			name = "[CP] Check Pods Manifest.lock";
			outputFileListPaths = (
			);
			outputPaths = (
				"$(DERIVED_FILE_DIR)/Pods-Test-checkManifestLockResult.txt",
			);
			runOnlyForDeploymentPostprocessing = 0;
			shellPath = /bin/sh;
			shellScript = "diff \"${PODS_PODFILE_DIR_PATH}/Podfile.lock\" \"${PODS_ROOT}/Manifest.lock\" > /dev/null\nif [ $? != 0 ] ; then\n    # print error to STDERR\n    echo \"error: The sandbox is not in sync with the Podfile.lock. Run 'pod install' or update your CocoaPods installation.\" >&2\n    exit 1\nfi\n# This output is used by Xcode 'outputs' to avoid re-running this script phase.\necho \"SUCCESS\" > \"${SCRIPT_OUTPUT_FILE_0}\"\n";
			showEnvVarsInLog = 0;
		};
		B817F5B2D3941DE5797CAF71 /* [CP] Check Pods Manifest.lock */ = {
			isa = PBXShellScriptBuildPhase;
			buildActionMask = 2147483647;
			files = (
			);
			inputPaths = (
				"${PODS_PODFILE_DIR_PATH}/Podfile.lock",
				"${PODS_ROOT}/Manifest.lock",
			);
			name = "[CP] Check Pods Manifest.lock";
			outputPaths = (
				"$(DERIVED_FILE_DIR)/Pods-Hydra-checkManifestLockResult.txt",
			);
			runOnlyForDeploymentPostprocessing = 0;
			shellPath = /bin/sh;
			shellScript = "diff \"${PODS_PODFILE_DIR_PATH}/Podfile.lock\" \"${PODS_ROOT}/Manifest.lock\" > /dev/null\nif [ $? != 0 ] ; then\n    # print error to STDERR\n    echo \"error: The sandbox is not in sync with the Podfile.lock. Run 'pod install' or update your CocoaPods installation.\" >&2\n    exit 1\nfi\n# This output is used by Xcode 'outputs' to avoid re-running this script phase.\necho \"SUCCESS\" > \"${SCRIPT_OUTPUT_FILE_0}\"\n";
			showEnvVarsInLog = 0;
		};
		F1FC7AB9D6F0DDB4B1AE290B /* [CP] Embed Pods Frameworks */ = {
			isa = PBXShellScriptBuildPhase;
			buildActionMask = 2147483647;
			files = (
			);
			inputFileListPaths = (
			);
			inputPaths = (
				"${SRCROOT}/Pods/Target Support Files/Pods-Test/Pods-Test-frameworks.sh",
				"${BUILT_PRODUCTS_DIR}/RxAtomic/RxAtomic.framework",
				"${BUILT_PRODUCTS_DIR}/RxSwift/RxSwift.framework",
				"${BUILT_PRODUCTS_DIR}/Nimble/Nimble.framework",
				"${BUILT_PRODUCTS_DIR}/OHHTTPStubs/OHHTTPStubs.framework",
				"${BUILT_PRODUCTS_DIR}/Quick/Quick.framework",
				"${BUILT_PRODUCTS_DIR}/RxBlocking/RxBlocking.framework",
				"${BUILT_PRODUCTS_DIR}/RxNimble/RxNimble.framework",
				"${BUILT_PRODUCTS_DIR}/RxTest/RxTest.framework",
			);
			name = "[CP] Embed Pods Frameworks";
			outputFileListPaths = (
			);
			outputPaths = (
				"${TARGET_BUILD_DIR}/${FRAMEWORKS_FOLDER_PATH}/RxAtomic.framework",
				"${TARGET_BUILD_DIR}/${FRAMEWORKS_FOLDER_PATH}/RxSwift.framework",
				"${TARGET_BUILD_DIR}/${FRAMEWORKS_FOLDER_PATH}/Nimble.framework",
				"${TARGET_BUILD_DIR}/${FRAMEWORKS_FOLDER_PATH}/OHHTTPStubs.framework",
				"${TARGET_BUILD_DIR}/${FRAMEWORKS_FOLDER_PATH}/Quick.framework",
				"${TARGET_BUILD_DIR}/${FRAMEWORKS_FOLDER_PATH}/RxBlocking.framework",
				"${TARGET_BUILD_DIR}/${FRAMEWORKS_FOLDER_PATH}/RxNimble.framework",
				"${TARGET_BUILD_DIR}/${FRAMEWORKS_FOLDER_PATH}/RxTest.framework",
			);
			runOnlyForDeploymentPostprocessing = 0;
			shellPath = /bin/sh;
			shellScript = "\"${SRCROOT}/Pods/Target Support Files/Pods-Test/Pods-Test-frameworks.sh\"\n";
			showEnvVarsInLog = 0;
		};
		F497DD88214599BF00F3941E /* SwiftLint */ = {
			isa = PBXShellScriptBuildPhase;
			buildActionMask = 2147483647;
			files = (
			);
			inputPaths = (
			);
			name = SwiftLint;
			outputPaths = (
			);
			runOnlyForDeploymentPostprocessing = 0;
			shellPath = /bin/sh;
			shellScript = "lint() {\n  LINTER=\"${PODS_ROOT}/SwiftLint/swiftlint\"\n  if which swiftlint >/dev/null; then\n    $LINTER autocorrect\n    $LINTER\n  else\n    echo \"warning: SwiftLint not installed\"\n  fi\n}\nlint\n";
		};
		F4CD855021A0B4E600D18B34 /* SwiftLint */ = {
			isa = PBXShellScriptBuildPhase;
			buildActionMask = 12;
			files = (
			);
			inputFileListPaths = (
			);
			inputPaths = (
			);
			name = SwiftLint;
			outputFileListPaths = (
			);
			outputPaths = (
			);
			runOnlyForDeploymentPostprocessing = 0;
			shellPath = /bin/sh;
			shellScript = "LINTER=\"${PODS_ROOT}/SwiftLint/swiftlint\"\n\nlint() {\nif which swiftlint >/dev/null; then\n  $LINTER autocorrect\n  $LINTER\nelse\n  echo \"warning: SwiftLint not installed\"\nfi\n}\n\nlint\n";
		};
		F85652BF1275A4089257DC84 /* [CP] Embed Pods Frameworks */ = {
			isa = PBXShellScriptBuildPhase;
			buildActionMask = 2147483647;
			files = (
			);
			inputPaths = (
				"${SRCROOT}/Pods/Target Support Files/Pods-Hydra/Pods-Hydra-frameworks.sh",
				"${BUILT_PRODUCTS_DIR}/Action/Action.framework",
				"${BUILT_PRODUCTS_DIR}/Alamofire/Alamofire.framework",
				"${BUILT_PRODUCTS_DIR}/Cache/Cache.framework",
				"${BUILT_PRODUCTS_DIR}/CocoaLumberjack/CocoaLumberjack.framework",
				"${BUILT_PRODUCTS_DIR}/Differentiator/Differentiator.framework",
				"${BUILT_PRODUCTS_DIR}/GitHubKit/GitHub.framework",
				"${BUILT_PRODUCTS_DIR}/Hero/Hero.framework",
				"${BUILT_PRODUCTS_DIR}/JacKit/JacKit.framework",
				"${BUILT_PRODUCTS_DIR}/Kanna/Kanna.framework",
				"${BUILT_PRODUCTS_DIR}/Kingfisher/Kingfisher.framework",
				"${BUILT_PRODUCTS_DIR}/MBProgressHUD/MBProgressHUD.framework",
				"${BUILT_PRODUCTS_DIR}/Moya/Moya.framework",
				"${BUILT_PRODUCTS_DIR}/MudoxKit/MudoxKit.framework",
				"${BUILT_PRODUCTS_DIR}/NVActivityIndicatorView/NVActivityIndicatorView.framework",
				"${BUILT_PRODUCTS_DIR}/Realm/Realm.framework",
				"${BUILT_PRODUCTS_DIR}/RealmSwift/RealmSwift.framework",
				"${BUILT_PRODUCTS_DIR}/Result/Result.framework",
				"${BUILT_PRODUCTS_DIR}/RxAlamofire/RxAlamofire.framework",
				"${BUILT_PRODUCTS_DIR}/RxAtomic/RxAtomic.framework",
				"${BUILT_PRODUCTS_DIR}/RxCocoa/RxCocoa.framework",
				"${BUILT_PRODUCTS_DIR}/RxDataSources/RxDataSources.framework",
				"${BUILT_PRODUCTS_DIR}/RxGesture/RxGesture.framework",
				"${BUILT_PRODUCTS_DIR}/RxKeyboard/RxKeyboard.framework",
				"${BUILT_PRODUCTS_DIR}/RxOptional/RxOptional.framework",
				"${BUILT_PRODUCTS_DIR}/RxRealm/RxRealm.framework",
				"${BUILT_PRODUCTS_DIR}/RxRealmDataSources/RxRealmDataSources.framework",
				"${BUILT_PRODUCTS_DIR}/RxSwift/RxSwift.framework",
				"${BUILT_PRODUCTS_DIR}/RxSwiftExt/RxSwiftExt.framework",
				"${BUILT_PRODUCTS_DIR}/SSZipArchive/SSZipArchive.framework",
				"${BUILT_PRODUCTS_DIR}/SnapKit/SnapKit.framework",
				"${BUILT_PRODUCTS_DIR}/SwiftHEXColors/SwiftHEXColors.framework",
				"${BUILT_PRODUCTS_DIR}/SwiftyUserDefaults/SwiftyUserDefaults.framework",
				"${BUILT_PRODUCTS_DIR}/Then/Then.framework",
				"${BUILT_PRODUCTS_DIR}/Yams/Yams.framework",
			);
			name = "[CP] Embed Pods Frameworks";
			outputPaths = (
				"${TARGET_BUILD_DIR}/${FRAMEWORKS_FOLDER_PATH}/Action.framework",
				"${TARGET_BUILD_DIR}/${FRAMEWORKS_FOLDER_PATH}/Alamofire.framework",
				"${TARGET_BUILD_DIR}/${FRAMEWORKS_FOLDER_PATH}/Cache.framework",
				"${TARGET_BUILD_DIR}/${FRAMEWORKS_FOLDER_PATH}/CocoaLumberjack.framework",
				"${TARGET_BUILD_DIR}/${FRAMEWORKS_FOLDER_PATH}/Differentiator.framework",
				"${TARGET_BUILD_DIR}/${FRAMEWORKS_FOLDER_PATH}/GitHub.framework",
				"${TARGET_BUILD_DIR}/${FRAMEWORKS_FOLDER_PATH}/Hero.framework",
				"${TARGET_BUILD_DIR}/${FRAMEWORKS_FOLDER_PATH}/JacKit.framework",
				"${TARGET_BUILD_DIR}/${FRAMEWORKS_FOLDER_PATH}/Kanna.framework",
				"${TARGET_BUILD_DIR}/${FRAMEWORKS_FOLDER_PATH}/Kingfisher.framework",
				"${TARGET_BUILD_DIR}/${FRAMEWORKS_FOLDER_PATH}/MBProgressHUD.framework",
				"${TARGET_BUILD_DIR}/${FRAMEWORKS_FOLDER_PATH}/Moya.framework",
				"${TARGET_BUILD_DIR}/${FRAMEWORKS_FOLDER_PATH}/MudoxKit.framework",
				"${TARGET_BUILD_DIR}/${FRAMEWORKS_FOLDER_PATH}/NVActivityIndicatorView.framework",
				"${TARGET_BUILD_DIR}/${FRAMEWORKS_FOLDER_PATH}/Realm.framework",
				"${TARGET_BUILD_DIR}/${FRAMEWORKS_FOLDER_PATH}/RealmSwift.framework",
				"${TARGET_BUILD_DIR}/${FRAMEWORKS_FOLDER_PATH}/Result.framework",
				"${TARGET_BUILD_DIR}/${FRAMEWORKS_FOLDER_PATH}/RxAlamofire.framework",
				"${TARGET_BUILD_DIR}/${FRAMEWORKS_FOLDER_PATH}/RxAtomic.framework",
				"${TARGET_BUILD_DIR}/${FRAMEWORKS_FOLDER_PATH}/RxCocoa.framework",
				"${TARGET_BUILD_DIR}/${FRAMEWORKS_FOLDER_PATH}/RxDataSources.framework",
				"${TARGET_BUILD_DIR}/${FRAMEWORKS_FOLDER_PATH}/RxGesture.framework",
				"${TARGET_BUILD_DIR}/${FRAMEWORKS_FOLDER_PATH}/RxKeyboard.framework",
				"${TARGET_BUILD_DIR}/${FRAMEWORKS_FOLDER_PATH}/RxOptional.framework",
				"${TARGET_BUILD_DIR}/${FRAMEWORKS_FOLDER_PATH}/RxRealm.framework",
				"${TARGET_BUILD_DIR}/${FRAMEWORKS_FOLDER_PATH}/RxRealmDataSources.framework",
				"${TARGET_BUILD_DIR}/${FRAMEWORKS_FOLDER_PATH}/RxSwift.framework",
				"${TARGET_BUILD_DIR}/${FRAMEWORKS_FOLDER_PATH}/RxSwiftExt.framework",
				"${TARGET_BUILD_DIR}/${FRAMEWORKS_FOLDER_PATH}/SSZipArchive.framework",
				"${TARGET_BUILD_DIR}/${FRAMEWORKS_FOLDER_PATH}/SnapKit.framework",
				"${TARGET_BUILD_DIR}/${FRAMEWORKS_FOLDER_PATH}/SwiftHEXColors.framework",
				"${TARGET_BUILD_DIR}/${FRAMEWORKS_FOLDER_PATH}/SwiftyUserDefaults.framework",
				"${TARGET_BUILD_DIR}/${FRAMEWORKS_FOLDER_PATH}/Then.framework",
				"${TARGET_BUILD_DIR}/${FRAMEWORKS_FOLDER_PATH}/Yams.framework",
			);
			runOnlyForDeploymentPostprocessing = 0;
			shellPath = /bin/sh;
			shellScript = "\"${SRCROOT}/Pods/Target Support Files/Pods-Hydra/Pods-Hydra-frameworks.sh\"\n";
			showEnvVarsInLog = 0;
		};
/* End PBXShellScriptBuildPhase section */

/* Begin PBXSourcesBuildPhase section */
		F4F338152171035700DC9638 /* Sources */ = {
			isa = PBXSourcesBuildPhase;
			buildActionMask = 2147483647;
			files = (
				F4F338242171071100DC9638 /* DefaultsSpec.swift in Sources */,
			);
			runOnlyForDeploymentPostprocessing = 0;
		};
		F4F85F28213F05A400EFF085 /* Sources */ = {
			isa = PBXSourcesBuildPhase;
			buildActionMask = 2147483647;
			files = (
				F40C238521AC95D4006FA060 /* TrendBaseCell.swift in Sources */,
				F426C44A21C9174E00CAA764 /* LoginButton.swift in Sources */,
				F4231FD4217B9D3600B2D748 /* Activity.swift in Sources */,
				F4DC70FB21B58F3A00999BD1 /* LanguagesModel.swift in Sources */,
				F46C688E215A43400090B4AF /* LoginModel.swift in Sources */,
				F46C688D215A43400090B4AF /* LoginController.swift in Sources */,
				F46C6891215A43400090B4AF /* LoginService.swift in Sources */,
				F426C44821C9174100CAA764 /* LoginTextField.swift in Sources */,
				F43032F621B3A53A00BE40DF /* LanguageService.swift in Sources */,
				F49A1C6321A730BD0045E74B /* ContributorsView.swift in Sources */,
				F49A1C6121A6CDB60045E74B /* UI.swift in Sources */,
				F426C44621C6A68D00CAA764 /* LanguagesFlow.swift in Sources */,
				F45C49532167E65200BC0576 /* CredentialService.swift in Sources */,
				F49A1C5D21A66A440045E74B /* TrendSectionView.swift in Sources */,
				F4F85F30213F05A400EFF085 /* AppDelegate.swift in Sources */,
				F413E31E216DEA110024B7F3 /* LoginFlow.swift in Sources */,
				F43F584721A5E42D00416A45 /* TabSwitch.swift in Sources */,
				F4349CE521A873D000628D8D /* TrendPageControl.swift in Sources */,
				F43032ED21B1039500BE40DF /* AsDriverNoError.swift in Sources */,
				F426C44421C69E8F00CAA764 /* LanguagesController.swift in Sources */,
				F463A2AF21AF188A0067432B /* RetryButton.swift in Sources */,
				F451AC7621B0356800C101D1 /* LanguageBar.swift in Sources */,
				F463A2AD21AE0BBE0067432B /* TrendCellState.swift in Sources */,
				F456A020218C956E00047369 /* TrendFlow.swift in Sources */,
				F456A01F218C956E00047369 /* TrendModel.swift in Sources */,
				F456A021218C956E00047369 /* TrendController.swift in Sources */,
				F40C238321AC6D2C006FA060 /* TrendDeveloperCell.swift in Sources */,
				F4F338142170BD4100DC9638 /* AppFlow.swift in Sources */,
				F4B4BA2321D134B600879B18 /* LanguagesFlowLayout.swift in Sources */,
				F43F584921A6273100416A45 /* TrendRepositoryCell.swift in Sources */,
				F463A2B421AF26BF0067432B /* TrendState.swift in Sources */,
				F4967D5C21CFE43600FAACBD /* LanguageCell.swift in Sources */,
				F48779482169F1CC00C027A9 /* DefaultsKeys.swift in Sources */,
				F49A1C5F21A6CBA80045E74B /* TrendRankBadge.swift in Sources */,
				F4B4BA2521D290E700879B18 /* LanguagesHeaderView.swift in Sources */,
			);
			runOnlyForDeploymentPostprocessing = 0;
		};
/* End PBXSourcesBuildPhase section */

/* Begin PBXTargetDependency section */
		F4F3381F2171035700DC9638 /* PBXTargetDependency */ = {
			isa = PBXTargetDependency;
			target = F4F85F2B213F05A400EFF085 /* Hydra */;
			targetProxy = F4F3381E2171035700DC9638 /* PBXContainerItemProxy */;
		};
/* End PBXTargetDependency section */

/* Begin PBXVariantGroup section */
		F4F85F38213F05A600EFF085 /* LaunchScreen.storyboard */ = {
			isa = PBXVariantGroup;
			children = (
				F4F85F39213F05A600EFF085 /* Base */,
			);
			name = LaunchScreen.storyboard;
			sourceTree = "<group>";
		};
/* End PBXVariantGroup section */

/* Begin XCBuildConfiguration section */
		F4F338212171035700DC9638 /* Debug */ = {
			isa = XCBuildConfiguration;
			baseConfigurationReference = B4C5EA115A9075873FB9B26B /* Pods-Test.debug.xcconfig */;
			buildSettings = {
				BUNDLE_LOADER = "$(TEST_HOST)";
				CODE_SIGN_STYLE = Automatic;
				DEVELOPMENT_TEAM = YSQ5ZCLFSD;
				INFOPLIST_FILE = HydraTests/Info.plist;
				IPHONEOS_DEPLOYMENT_TARGET = 12.0;
				LD_RUNPATH_SEARCH_PATHS = (
					"$(inherited)",
					"@executable_path/Frameworks",
					"@loader_path/Frameworks",
				);
				MTL_ENABLE_DEBUG_INFO = INCLUDE_SOURCE;
				MTL_FAST_MATH = YES;
				PRODUCT_BUNDLE_IDENTIFIER = io.github.mudox.HydraTests;
				PRODUCT_NAME = "$(TARGET_NAME)";
				SWIFT_VERSION = 4.2;
				TARGETED_DEVICE_FAMILY = "1,2";
				TEST_HOST = "$(BUILT_PRODUCTS_DIR)/Hydra.app/Hydra";
			};
			name = Debug;
		};
		F4F338222171035700DC9638 /* Release */ = {
			isa = XCBuildConfiguration;
			baseConfigurationReference = 5B0330F6E48FA8390071FF17 /* Pods-Test.release.xcconfig */;
			buildSettings = {
				BUNDLE_LOADER = "$(TEST_HOST)";
				CODE_SIGN_STYLE = Automatic;
				DEVELOPMENT_TEAM = YSQ5ZCLFSD;
				INFOPLIST_FILE = HydraTests/Info.plist;
				IPHONEOS_DEPLOYMENT_TARGET = 12.0;
				LD_RUNPATH_SEARCH_PATHS = (
					"$(inherited)",
					"@executable_path/Frameworks",
					"@loader_path/Frameworks",
				);
				MTL_FAST_MATH = YES;
				PRODUCT_BUNDLE_IDENTIFIER = io.github.mudox.HydraTests;
				PRODUCT_NAME = "$(TARGET_NAME)";
				SWIFT_VERSION = 4.2;
				TARGETED_DEVICE_FAMILY = "1,2";
				TEST_HOST = "$(BUILT_PRODUCTS_DIR)/Hydra.app/Hydra";
			};
			name = Release;
		};
		F4F85F3C213F05A600EFF085 /* Debug */ = {
			isa = XCBuildConfiguration;
			buildSettings = {
				ALWAYS_SEARCH_USER_PATHS = NO;
				CLANG_ANALYZER_NONNULL = YES;
				CLANG_ANALYZER_NUMBER_OBJECT_CONVERSION = YES_AGGRESSIVE;
				CLANG_CXX_LANGUAGE_STANDARD = "gnu++14";
				CLANG_CXX_LIBRARY = "libc++";
				CLANG_ENABLE_MODULES = YES;
				CLANG_ENABLE_OBJC_ARC = YES;
				CLANG_ENABLE_OBJC_WEAK = YES;
				CLANG_WARN_BLOCK_CAPTURE_AUTORELEASING = YES;
				CLANG_WARN_BOOL_CONVERSION = YES;
				CLANG_WARN_COMMA = YES;
				CLANG_WARN_CONSTANT_CONVERSION = YES;
				CLANG_WARN_DEPRECATED_OBJC_IMPLEMENTATIONS = YES;
				CLANG_WARN_DIRECT_OBJC_ISA_USAGE = YES_ERROR;
				CLANG_WARN_DOCUMENTATION_COMMENTS = YES;
				CLANG_WARN_EMPTY_BODY = YES;
				CLANG_WARN_ENUM_CONVERSION = YES;
				CLANG_WARN_INFINITE_RECURSION = YES;
				CLANG_WARN_INT_CONVERSION = YES;
				CLANG_WARN_NON_LITERAL_NULL_CONVERSION = YES;
				CLANG_WARN_OBJC_IMPLICIT_RETAIN_SELF = YES;
				CLANG_WARN_OBJC_LITERAL_CONVERSION = YES;
				CLANG_WARN_OBJC_ROOT_CLASS = YES_ERROR;
				CLANG_WARN_RANGE_LOOP_ANALYSIS = YES;
				CLANG_WARN_STRICT_PROTOTYPES = YES;
				CLANG_WARN_SUSPICIOUS_MOVE = YES;
				CLANG_WARN_UNGUARDED_AVAILABILITY = YES_AGGRESSIVE;
				CLANG_WARN_UNREACHABLE_CODE = YES;
				CLANG_WARN__DUPLICATE_METHOD_MATCH = YES;
				CODE_SIGN_IDENTITY = "iPhone Developer";
				COPY_PHASE_STRIP = NO;
				DEBUG_INFORMATION_FORMAT = dwarf;
				ENABLE_STRICT_OBJC_MSGSEND = YES;
				ENABLE_TESTABILITY = YES;
				GCC_C_LANGUAGE_STANDARD = gnu11;
				GCC_DYNAMIC_NO_PIC = NO;
				GCC_NO_COMMON_BLOCKS = YES;
				GCC_OPTIMIZATION_LEVEL = 0;
				GCC_PREPROCESSOR_DEFINITIONS = (
					"DEBUG=1",
					"$(inherited)",
				);
				GCC_WARN_64_TO_32_BIT_CONVERSION = YES;
				GCC_WARN_ABOUT_RETURN_TYPE = YES_ERROR;
				GCC_WARN_UNDECLARED_SELECTOR = YES;
				GCC_WARN_UNINITIALIZED_AUTOS = YES_AGGRESSIVE;
				GCC_WARN_UNUSED_FUNCTION = YES;
				GCC_WARN_UNUSED_VARIABLE = YES;
				IPHONEOS_DEPLOYMENT_TARGET = 11.0;
				MTL_ENABLE_DEBUG_INFO = YES;
				ONLY_ACTIVE_ARCH = YES;
				SDKROOT = iphoneos;
				SWIFT_ACTIVE_COMPILATION_CONDITIONS = DEBUG;
				SWIFT_OPTIMIZATION_LEVEL = "-Onone";
				SWIFT_VERSION = 4.2;
			};
			name = Debug;
		};
		F4F85F3D213F05A600EFF085 /* Release */ = {
			isa = XCBuildConfiguration;
			buildSettings = {
				ALWAYS_SEARCH_USER_PATHS = NO;
				CLANG_ANALYZER_NONNULL = YES;
				CLANG_ANALYZER_NUMBER_OBJECT_CONVERSION = YES_AGGRESSIVE;
				CLANG_CXX_LANGUAGE_STANDARD = "gnu++14";
				CLANG_CXX_LIBRARY = "libc++";
				CLANG_ENABLE_MODULES = YES;
				CLANG_ENABLE_OBJC_ARC = YES;
				CLANG_ENABLE_OBJC_WEAK = YES;
				CLANG_WARN_BLOCK_CAPTURE_AUTORELEASING = YES;
				CLANG_WARN_BOOL_CONVERSION = YES;
				CLANG_WARN_COMMA = YES;
				CLANG_WARN_CONSTANT_CONVERSION = YES;
				CLANG_WARN_DEPRECATED_OBJC_IMPLEMENTATIONS = YES;
				CLANG_WARN_DIRECT_OBJC_ISA_USAGE = YES_ERROR;
				CLANG_WARN_DOCUMENTATION_COMMENTS = YES;
				CLANG_WARN_EMPTY_BODY = YES;
				CLANG_WARN_ENUM_CONVERSION = YES;
				CLANG_WARN_INFINITE_RECURSION = YES;
				CLANG_WARN_INT_CONVERSION = YES;
				CLANG_WARN_NON_LITERAL_NULL_CONVERSION = YES;
				CLANG_WARN_OBJC_IMPLICIT_RETAIN_SELF = YES;
				CLANG_WARN_OBJC_LITERAL_CONVERSION = YES;
				CLANG_WARN_OBJC_ROOT_CLASS = YES_ERROR;
				CLANG_WARN_RANGE_LOOP_ANALYSIS = YES;
				CLANG_WARN_STRICT_PROTOTYPES = YES;
				CLANG_WARN_SUSPICIOUS_MOVE = YES;
				CLANG_WARN_UNGUARDED_AVAILABILITY = YES_AGGRESSIVE;
				CLANG_WARN_UNREACHABLE_CODE = YES;
				CLANG_WARN__DUPLICATE_METHOD_MATCH = YES;
				CODE_SIGN_IDENTITY = "iPhone Developer";
				COPY_PHASE_STRIP = NO;
				DEBUG_INFORMATION_FORMAT = "dwarf-with-dsym";
				ENABLE_NS_ASSERTIONS = NO;
				ENABLE_STRICT_OBJC_MSGSEND = YES;
				GCC_C_LANGUAGE_STANDARD = gnu11;
				GCC_NO_COMMON_BLOCKS = YES;
				GCC_WARN_64_TO_32_BIT_CONVERSION = YES;
				GCC_WARN_ABOUT_RETURN_TYPE = YES_ERROR;
				GCC_WARN_UNDECLARED_SELECTOR = YES;
				GCC_WARN_UNINITIALIZED_AUTOS = YES_AGGRESSIVE;
				GCC_WARN_UNUSED_FUNCTION = YES;
				GCC_WARN_UNUSED_VARIABLE = YES;
				IPHONEOS_DEPLOYMENT_TARGET = 11.0;
				MTL_ENABLE_DEBUG_INFO = NO;
				SDKROOT = iphoneos;
				SWIFT_COMPILATION_MODE = wholemodule;
				SWIFT_OPTIMIZATION_LEVEL = "-O";
				SWIFT_VERSION = 4.2;
				VALIDATE_PRODUCT = YES;
			};
			name = Release;
		};
		F4F85F3F213F05A600EFF085 /* Debug */ = {
			isa = XCBuildConfiguration;
			baseConfigurationReference = C940AE3485B3016DE9D6F688 /* Pods-Hydra.debug.xcconfig */;
			buildSettings = {
				ASSETCATALOG_COMPILER_APPICON_NAME = AppIcon;
				CODE_SIGN_STYLE = Automatic;
				DEVELOPMENT_TEAM = YSQ5ZCLFSD;
				INFOPLIST_FILE = Hydra/Info.plist;
				IPHONEOS_DEPLOYMENT_TARGET = 11.0;
				LD_RUNPATH_SEARCH_PATHS = (
					"$(inherited)",
					"@executable_path/Frameworks",
				);
				PRODUCT_BUNDLE_IDENTIFIER = io.github.mudox.Hydra;
				PRODUCT_NAME = "$(TARGET_NAME)";
				SWIFT_VERSION = 4.2;
				TARGETED_DEVICE_FAMILY = 1;
			};
			name = Debug;
		};
		F4F85F40213F05A600EFF085 /* Release */ = {
			isa = XCBuildConfiguration;
			baseConfigurationReference = C65B14901A4FB25D16C427D6 /* Pods-Hydra.release.xcconfig */;
			buildSettings = {
				ASSETCATALOG_COMPILER_APPICON_NAME = AppIcon;
				CODE_SIGN_STYLE = Automatic;
				DEVELOPMENT_TEAM = YSQ5ZCLFSD;
				INFOPLIST_FILE = Hydra/Info.plist;
				IPHONEOS_DEPLOYMENT_TARGET = 11.0;
				LD_RUNPATH_SEARCH_PATHS = (
					"$(inherited)",
					"@executable_path/Frameworks",
				);
				PRODUCT_BUNDLE_IDENTIFIER = io.github.mudox.Hydra;
				PRODUCT_NAME = "$(TARGET_NAME)";
				SWIFT_VERSION = 4.2;
				TARGETED_DEVICE_FAMILY = 1;
			};
			name = Release;
		};
/* End XCBuildConfiguration section */

/* Begin XCConfigurationList section */
		F4F338202171035700DC9638 /* Build configuration list for PBXNativeTarget "Test" */ = {
			isa = XCConfigurationList;
			buildConfigurations = (
				F4F338212171035700DC9638 /* Debug */,
				F4F338222171035700DC9638 /* Release */,
			);
			defaultConfigurationIsVisible = 0;
			defaultConfigurationName = Release;
		};
		F4F85F27213F05A400EFF085 /* Build configuration list for PBXProject "Hydra" */ = {
			isa = XCConfigurationList;
			buildConfigurations = (
				F4F85F3C213F05A600EFF085 /* Debug */,
				F4F85F3D213F05A600EFF085 /* Release */,
			);
			defaultConfigurationIsVisible = 0;
			defaultConfigurationName = Release;
		};
		F4F85F3E213F05A600EFF085 /* Build configuration list for PBXNativeTarget "Hydra" */ = {
			isa = XCConfigurationList;
			buildConfigurations = (
				F4F85F3F213F05A600EFF085 /* Debug */,
				F4F85F40213F05A600EFF085 /* Release */,
			);
			defaultConfigurationIsVisible = 0;
			defaultConfigurationName = Release;
		};
/* End XCConfigurationList section */
	};
	rootObject = F4F85F24213F05A400EFF085 /* Project object */;
}
